
Microsoft Visual Studio Solution File, Format Version 12.00
# Visual Studio Version 16
VisualStudioVersion = 16.0.29519.181
MinimumVisualStudioVersion = 10.0.40219.1
Project("{FAE04EC0-301F-11D3-BF4B-00C04F79EFBC}") = "StopPanic.Android", "StopPanic\StopPanic.Android\StopPanic.Android.csproj", "{24CE3C36-16B9-426D-AA0C-5961ECF8D88C}"
EndProject
Project("{9A19103F-16F7-4668-BE54-9A1E7A4F7556}") = "StopPanic", "StopPanic\StopPanic\StopPanic.csproj", "{4CD93F05-1C47-42B7-9BA5-58CF5EE8871F}"
EndProject
Project("{9A19103F-16F7-4668-BE54-9A1E7A4F7556}") = "StopPanic.Web", "StopPanic.Web\StopPanic.Web.csproj", "{56D9F111-2853-40E4-8972-25A6253B6B9A}"
EndProject
Project("{9A19103F-16F7-4668-BE54-9A1E7A4F7556}") = "StopPanic.BL", "StopPanic.BL\StopPanic.BL.csproj", "{DFBECE70-0432-4B66-B002-7720A3D021B7}"
EndProject
Project("{9A19103F-16F7-4668-BE54-9A1E7A4F7556}") = "StopPanic.Data", "StopPanicData\StopPanic.Data.csproj", "{701CB314-E8AC-4D3F-9FA0-E55895D8C6D4}"
EndProject
Global
	GlobalSection(SolutionConfigurationPlatforms) = preSolution
		Debug|Any CPU = Debug|Any CPU
		Release|Any CPU = Release|Any CPU
	EndGlobalSection
	GlobalSection(ProjectConfigurationPlatforms) = postSolution
		{24CE3C36-16B9-426D-AA0C-5961ECF8D88C}.Debug|Any CPU.ActiveCfg = Debug|Any CPU
		{24CE3C36-16B9-426D-AA0C-5961ECF8D88C}.Debug|Any CPU.Build.0 = Debug|Any CPU
		{24CE3C36-16B9-426D-AA0C-5961ECF8D88C}.Debug|Any CPU.Deploy.0 = Debug|Any CPU
		{24CE3C36-16B9-426D-AA0C-5961ECF8D88C}.Release|Any CPU.ActiveCfg = Release|Any CPU
		{24CE3C36-16B9-426D-AA0C-5961ECF8D88C}.Release|Any CPU.Build.0 = Release|Any CPU
		{24CE3C36-16B9-426D-AA0C-5961ECF8D88C}.Release|Any CPU.Deploy.0 = Release|Any CPU
		{4CD93F05-1C47-42B7-9BA5-58CF5EE8871F}.Debug|Any CPU.ActiveCfg = Debug|Any CPU
		{4CD93F05-1C47-42B7-9BA5-58CF5EE8871F}.Debug|Any CPU.Build.0 = Debug|Any CPU
		{4CD93F05-1C47-42B7-9BA5-58CF5EE8871F}.Debug|Any CPU.Deploy.0 = Debug|Any CPU
		{4CD93F05-1C47-42B7-9BA5-58CF5EE8871F}.Release|Any CPU.ActiveCfg = Release|Any CPU
		{4CD93F05-1C47-42B7-9BA5-58CF5EE8871F}.Release|Any CPU.Build.0 = Release|Any CPU
		{4CD93F05-1C47-42B7-9BA5-58CF5EE8871F}.Release|Any CPU.Deploy.0 = Release|Any CPU
		{56D9F111-2853-40E4-8972-25A6253B6B9A}.Debug|Any CPU.ActiveCfg = Debug|Any CPU
		{56D9F111-2853-40E4-8972-25A6253B6B9A}.Debug|Any CPU.Build.0 = Debug|Any CPU
		{56D9F111-2853-40E4-8972-25A6253B6B9A}.Release|Any CPU.ActiveCfg = Release|Any CPU
		{56D9F111-2853-40E4-8972-25A6253B6B9A}.Release|Any CPU.Build.0 = Release|Any CPU
		{DFBECE70-0432-4B66-B002-7720A3D021B7}.Debug|Any CPU.ActiveCfg = Debug|Any CPU
		{DFBECE70-0432-4B66-B002-7720A3D021B7}.Debug|Any CPU.Build.0 = Debug|Any CPU
		{DFBECE70-0432-4B66-B002-7720A3D021B7}.Release|Any CPU.ActiveCfg = Release|Any CPU
		{DFBECE70-0432-4B66-B002-7720A3D021B7}.Release|Any CPU.Build.0 = Release|Any CPU
		{701CB314-E8AC-4D3F-9FA0-E55895D8C6D4}.Debug|Any CPU.ActiveCfg = Debug|Any CPU
		{701CB314-E8AC-4D3F-9FA0-E55895D8C6D4}.Debug|Any CPU.Build.0 = Debug|Any CPU
		{701CB314-E8AC-4D3F-9FA0-E55895D8C6D4}.Release|Any CPU.ActiveCfg = Release|Any CPU
		{701CB314-E8AC-4D3F-9FA0-E55895D8C6D4}.Release|Any CPU.Build.0 = Release|Any CPU
	EndGlobalSection
	GlobalSection(SolutionProperties) = preSolution
		HideSolutionNode = FALSE
	EndGlobalSection
	GlobalSection(ExtensibilityGlobals) = postSolution
		SolutionGuid = {7B5525B0-0A1C-4559-9E1F-4E18B34B5C93}
	EndGlobalSection
EndGlobal
